PODS:
  - SDWebImage (5.19.0):
    - SDWebImage/Core (= 5.19.0)
  - SDWebImage/Core (5.19.0)

DEPENDENCIES:
  - SDWebImage

SPEC REPOS:
  trunk:
    - SDWebImage

SPEC CHECKSUMS:
  SDWebImage: 981fd7e860af070920f249fd092420006014c3eb

PODFILE CHECKSUM: 7cba358de00f742545d3ebcc6013725b138c5c97

COCOAPODS: 1.15.2
